
Microsoft Visual Studio Solution File, Format Version 12.00
# Visual Studio 15
VisualStudioVersion = 15.0.26730.15
MinimumVisualStudioVersion = 10.0.40219.1
Project("{FAE04EC0-301F-11D3-BF4B-00C04F79EFBC}") = "Institute Management System", "Institute Management System\Institute Management System.csproj", "{C7E42851-6F40-4A58-A919-C7F8CD6323BC}"
EndProject
Global
	GlobalSection(SolutionConfigurationPlatforms) = preSolution
		Debug|Any CPU = Debug|Any CPU
		Release|Any CPU = Release|Any CPU
	EndGlobalSection
	GlobalSection(ProjectConfigurationPlatforms) = postSolution
		{C7E42851-6F40-4A58-A919-C7F8CD6323BC}.Debug|Any CPU.ActiveCfg = Debug|Any CPU
		{C7E42851-6F40-4A58-A919-C7F8CD6323BC}.Debug|Any CPU.Build.0 = Debug|Any CPU
		{C7E42851-6F40-4A58-A919-C7F8CD6323BC}.Release|Any CPU.ActiveCfg = Release|Any CPU
		{C7E42851-6F40-4A58-A919-C7F8CD6323BC}.Release|Any CPU.Build.0 = Release|Any CPU
	EndGlobalSection
	GlobalSection(SolutionProperties) = preSolution
		HideSolutionNode = FALSE
	EndGlobalSection
	GlobalSection(ExtensibilityGlobals) = postSolution
		SolutionGuid = {89004F23-2674-4589-93FA-C58A3CE9B1FF}
	EndGlobalSection
EndGlobal
